{
  "name": "im-front-end",
  "lockfileVersion": 3,
  "requires": true,
  "packages": {
    "": {
      "dependencies": {
        "vuex-persistedstate": "^4.1.0"
      }
    },
    "node_modules/@babel/parser": {
      "version": "7.24.4",
      "resolved": "https://mirrors.cloud.tencent.com/npm/@babel/parser/-/parser-7.24.4.tgz",
      "integrity": "sha512-zTvEBcghmeBma9QIGunWevvBAp4/Qu9Bdq+2k0Ot4fVMD6v3dsC9WOcRSKk7tRRyBM/53yKMJko9xOatGQAwSg==",
      "peer": true,
      "bin": {
        "parser": "bin/babel-parser.js"
      },
      "engines": {
        "node": ">=6.0.0"
      }
    },
    "node_modules/@jridgewell/sourcemap-codec": {
      "version": "1.4.15",
      "resolved": "https://mirrors.cloud.tencent.com/npm/@jridgewell/sourcemap-codec/-/sourcemap-codec-1.4.15.tgz",
      "integrity": "sha512-eF2rxCRulEKXHTRiDrDy6erMYWqNw4LPdQ8UQA4huuxaQsVeRPFl2oM8oDGxMFhJUWZf9McpLtJasDDZb/Bpeg==",
      "peer": true
    },
    "node_modules/@vue/compiler-core": {
      "version": "3.4.23",
      "resolved": "https://mirrors.cloud.tencent.com/npm/@vue/compiler-core/-/compiler-core-3.4.23.tgz",
      "integrity": "sha512-HAFmuVEwNqNdmk+w4VCQ2pkLk1Vw4XYiiyxEp3z/xvl14aLTUBw2OfVH3vBcx+FtGsynQLkkhK410Nah1N2yyQ==",
      "peer": true,
      "dependencies": {
        "@babel/parser": "^7.24.1",
        "@vue/shared": "3.4.23",
        "entities": "^4.5.0",
        "estree-walker": "^2.0.2",
        "source-map-js": "^1.2.0"
      }
    },
    "node_modules/@vue/compiler-dom": {
      "version": "3.4.23",
      "resolved": "https://mirrors.cloud.tencent.com/npm/@vue/compiler-dom/-/compiler-dom-3.4.23.tgz",
      "integrity": "sha512-t0b9WSTnCRrzsBGrDd1LNR5HGzYTr7LX3z6nNBG+KGvZLqrT0mY6NsMzOqlVMBKKXKVuusbbB5aOOFgTY+senw==",
      "peer": true,
      "dependencies": {
        "@vue/compiler-core": "3.4.23",
        "@vue/shared": "3.4.23"
      }
    },
    "node_modules/@vue/compiler-sfc": {
      "version": "3.4.23",
      "resolved": "https://mirrors.cloud.tencent.com/npm/@vue/compiler-sfc/-/compiler-sfc-3.4.23.tgz",
      "integrity": "sha512-fSDTKTfzaRX1kNAUiaj8JB4AokikzStWgHooMhaxyjZerw624L+IAP/fvI4ZwMpwIh8f08PVzEnu4rg8/Npssw==",
      "peer": true,
      "dependencies": {
        "@babel/parser": "^7.24.1",
        "@vue/compiler-core": "3.4.23",
        "@vue/compiler-dom": "3.4.23",
        "@vue/compiler-ssr": "3.4.23",
        "@vue/shared": "3.4.23",
        "estree-walker": "^2.0.2",
        "magic-string": "^0.30.8",
        "postcss": "^8.4.38",
        "source-map-js": "^1.2.0"
      }
    },
    "node_modules/@vue/compiler-ssr": {
      "version": "3.4.23",
      "resolved": "https://mirrors.cloud.tencent.com/npm/@vue/compiler-ssr/-/compiler-ssr-3.4.23.tgz",
      "integrity": "sha512-hb6Uj2cYs+tfqz71Wj6h3E5t6OKvb4MVcM2Nl5i/z1nv1gjEhw+zYaNOV+Xwn+SSN/VZM0DgANw5TuJfxfezPg==",
      "peer": true,
      "dependencies": {
        "@vue/compiler-dom": "3.4.23",
        "@vue/shared": "3.4.23"
      }
    },
    "node_modules/@vue/devtools-api": {
      "version": "6.6.1",
      "resolved": "https://mirrors.cloud.tencent.com/npm/@vue/devtools-api/-/devtools-api-6.6.1.tgz",
      "integrity": "sha512-LgPscpE3Vs0x96PzSSB4IGVSZXZBZHpfxs+ZA1d+VEPwHdOXowy/Y2CsvCAIFrf+ssVU1pD1jidj505EpUnfbA==",
      "peer": true
    },
    "node_modules/@vue/reactivity": {
      "version": "3.4.23",
      "resolved": "https://mirrors.cloud.tencent.com/npm/@vue/reactivity/-/reactivity-3.4.23.tgz",
      "integrity": "sha512-GlXR9PL+23fQ3IqnbSQ8OQKLodjqCyoCrmdLKZk3BP7jN6prWheAfU7a3mrltewTkoBm+N7qMEb372VHIkQRMQ==",
      "peer": true,
      "dependencies": {
        "@vue/shared": "3.4.23"
      }
    },
    "node_modules/@vue/runtime-core": {
      "version": "3.4.23",
      "resolved": "https://mirrors.cloud.tencent.com/npm/@vue/runtime-core/-/runtime-core-3.4.23.tgz",
      "integrity": "sha512-FeQ9MZEXoFzFkFiw9MQQ/FWs3srvrP+SjDKSeRIiQHIhtkzoj0X4rWQlRNHbGuSwLra6pMyjAttwixNMjc/xLw==",
      "peer": true,
      "dependencies": {
        "@vue/reactivity": "3.4.23",
        "@vue/shared": "3.4.23"
      }
    },
    "node_modules/@vue/runtime-dom": {
      "version": "3.4.23",
      "resolved": "https://mirrors.cloud.tencent.com/npm/@vue/runtime-dom/-/runtime-dom-3.4.23.tgz",
      "integrity": "sha512-RXJFwwykZWBkMiTPSLEWU3kgVLNAfActBfWFlZd0y79FTUxexogd0PLG4HH2LfOktjRxV47Nulygh0JFXe5f9A==",
      "peer": true,
      "dependencies": {
        "@vue/runtime-core": "3.4.23",
        "@vue/shared": "3.4.23",
        "csstype": "^3.1.3"
      }
    },
    "node_modules/@vue/server-renderer": {
      "version": "3.4.23",
      "resolved": "https://mirrors.cloud.tencent.com/npm/@vue/server-renderer/-/server-renderer-3.4.23.tgz",
      "integrity": "sha512-LDwGHtnIzvKFNS8dPJ1SSU5Gvm36p2ck8wCZc52fc3k/IfjKcwCyrWEf0Yag/2wTFUBXrqizfhK9c/mC367dXQ==",
      "peer": true,
      "dependencies": {
        "@vue/compiler-ssr": "3.4.23",
        "@vue/shared": "3.4.23"
      },
      "peerDependencies": {
        "vue": "3.4.23"
      }
    },
    "node_modules/@vue/shared": {
      "version": "3.4.23",
      "resolved": "https://mirrors.cloud.tencent.com/npm/@vue/shared/-/shared-3.4.23.tgz",
      "integrity": "sha512-wBQ0gvf+SMwsCQOyusNw/GoXPV47WGd1xB5A1Pgzy0sQ3Bi5r5xm3n+92y3gCnB3MWqnRDdvfkRGxhKtbBRNgg==",
      "peer": true
    },
    "node_modules/csstype": {
      "version": "3.1.3",
      "resolved": "https://mirrors.cloud.tencent.com/npm/csstype/-/csstype-3.1.3.tgz",
      "integrity": "sha512-M1uQkMl8rQK/szD0LNhtqxIPLpimGm8sOBwU7lLnCpSbTyY3yeU1Vc7l4KT5zT4s/yOxHH5O7tIuuLOCnLADRw==",
      "peer": true
    },
    "node_modules/deepmerge": {
      "version": "4.3.1",
      "resolved": "https://mirrors.cloud.tencent.com/npm/deepmerge/-/deepmerge-4.3.1.tgz",
      "integrity": "sha512-3sUqbMEc77XqpdNO7FRyRog+eW3ph+GYCbj+rK+uYyRMuwsVy0rMiVtPn+QJlKFvWP/1PYpapqYn0Me2knFn+A==",
      "engines": {
        "node": ">=0.10.0"
      }
    },
    "node_modules/entities": {
      "version": "4.5.0",
      "resolved": "https://mirrors.cloud.tencent.com/npm/entities/-/entities-4.5.0.tgz",
      "integrity": "sha512-V0hjH4dGPh9Ao5p0MoRY6BVqtwCjhz6vI5LT8AJ55H+4g9/4vbHx1I54fS0XuclLhDHArPQCiMjDxjaL8fPxhw==",
      "peer": true,
      "engines": {
        "node": ">=0.12"
      },
      "funding": {
        "url": "https://github.com/fb55/entities?sponsor=1"
      }
    },
    "node_modules/estree-walker": {
      "version": "2.0.2",
      "resolved": "https://mirrors.cloud.tencent.com/npm/estree-walker/-/estree-walker-2.0.2.tgz",
      "integrity": "sha512-Rfkk/Mp/DL7JVje3u18FxFujQlTNR2q6QfMSMB7AvCBx91NGj/ba3kCfza0f6dVDbw7YlRf/nDrn7pQrCCyQ/w==",
      "peer": true
    },
    "node_modules/magic-string": {
      "version": "0.30.10",
      "resolved": "https://mirrors.cloud.tencent.com/npm/magic-string/-/magic-string-0.30.10.tgz",
      "integrity": "sha512-iIRwTIf0QKV3UAnYK4PU8uiEc4SRh5jX0mwpIwETPpHdhVM4f53RSwS/vXvN1JhGX+Cs7B8qIq3d6AH49O5fAQ==",
      "peer": true,
      "dependencies": {
        "@jridgewell/sourcemap-codec": "^1.4.15"
      }
    },
    "node_modules/nanoid": {
      "version": "3.3.7",
      "resolved": "https://mirrors.cloud.tencent.com/npm/nanoid/-/nanoid-3.3.7.tgz",
      "integrity": "sha512-eSRppjcPIatRIMC1U6UngP8XFcz8MQWGQdt1MTBQ7NaAmvXDfvNxbvWV3x2y6CdEUciCSsDHDQZbhYaB8QEo2g==",
      "funding": [
        {
          "type": "github",
          "url": "https://github.com/sponsors/ai"
        }
      ],
      "peer": true,
      "bin": {
        "nanoid": "bin/nanoid.cjs"
      },
      "engines": {
        "node": "^10 || ^12 || ^13.7 || ^14 || >=15.0.1"
      }
    },
    "node_modules/picocolors": {
      "version": "1.0.0",
      "resolved": "https://mirrors.cloud.tencent.com/npm/picocolors/-/picocolors-1.0.0.tgz",
      "integrity": "sha512-1fygroTLlHu66zi26VoTDv8yRgm0Fccecssto+MhsZ0D/DGW2sm8E8AjW7NU5VVTRt5GxbeZ5qBuJr+HyLYkjQ==",
      "peer": true
    },
    "node_modules/postcss": {
      "version": "8.4.38",
      "resolved": "https://mirrors.cloud.tencent.com/npm/postcss/-/postcss-8.4.38.tgz",
      "integrity": "sha512-Wglpdk03BSfXkHoQa3b/oulrotAkwrlLDRSOb9D0bN86FdRyE9lppSp33aHNPgBa0JKCoB+drFLZkQoRRYae5A==",
      "funding": [
        {
          "type": "opencollective",
          "url": "https://opencollective.com/postcss/"
        },
        {
          "type": "tidelift",
          "url": "https://tidelift.com/funding/github/npm/postcss"
        },
        {
          "type": "github",
          "url": "https://github.com/sponsors/ai"
        }
      ],
      "peer": true,
      "dependencies": {
        "nanoid": "^3.3.7",
        "picocolors": "^1.0.0",
        "source-map-js": "^1.2.0"
      },
      "engines": {
        "node": "^10 || ^12 || >=14"
      }
    },
    "node_modules/shvl": {
      "version": "2.0.3",
      "resolved": "https://mirrors.cloud.tencent.com/npm/shvl/-/shvl-2.0.3.tgz",
      "integrity": "sha512-V7C6S9Hlol6SzOJPnQ7qzOVEWUQImt3BNmmzh40wObhla3XOYMe4gGiYzLrJd5TFa+cI2f9LKIRJTTKZSTbWgw==",
      "deprecated": "older versions vulnerable to prototype pollution"
    },
    "node_modules/source-map-js": {
      "version": "1.2.0",
      "resolved": "https://mirrors.cloud.tencent.com/npm/source-map-js/-/source-map-js-1.2.0.tgz",
      "integrity": "sha512-itJW8lvSA0TXEphiRoawsCksnlf8SyvmFzIhltqAHluXd88pkCd+cXJVHTDwdCr0IzwptSm035IHQktUu1QUMg==",
      "peer": true,
      "engines": {
        "node": ">=0.10.0"
      }
    },
    "node_modules/vue": {
      "version": "3.4.23",
      "resolved": "https://mirrors.cloud.tencent.com/npm/vue/-/vue-3.4.23.tgz",
      "integrity": "sha512-X1y6yyGJ28LMUBJ0k/qIeKHstGd+BlWQEOT40x3auJFTmpIhpbKLgN7EFsqalnJXq1Km5ybDEsp6BhuWKciUDg==",
      "peer": true,
      "dependencies": {
        "@vue/compiler-dom": "3.4.23",
        "@vue/compiler-sfc": "3.4.23",
        "@vue/runtime-dom": "3.4.23",
        "@vue/server-renderer": "3.4.23",
        "@vue/shared": "3.4.23"
      },
      "peerDependencies": {
        "typescript": "*"
      },
      "peerDependenciesMeta": {
        "typescript": {
          "optional": true
        }
      }
    },
    "node_modules/vuex": {
      "version": "4.1.0",
      "resolved": "https://mirrors.cloud.tencent.com/npm/vuex/-/vuex-4.1.0.tgz",
      "integrity": "sha512-hmV6UerDrPcgbSy9ORAtNXDr9M4wlNP4pEFKye4ujJF8oqgFFuxDCdOLS3eNoRTtq5O3hoBDh9Doj1bQMYHRbQ==",
      "peer": true,
      "dependencies": {
        "@vue/devtools-api": "^6.0.0-beta.11"
      },
      "peerDependencies": {
        "vue": "^3.2.0"
      }
    },
    "node_modules/vuex-persistedstate": {
      "version": "4.1.0",
      "resolved": "https://mirrors.cloud.tencent.com/npm/vuex-persistedstate/-/vuex-persistedstate-4.1.0.tgz",
      "integrity": "sha512-3SkEj4NqwM69ikJdFVw6gObeB0NHyspRYMYkR/EbhR0hbvAKyR5gksVhtAfY1UYuWUOCCA0QNGwv9pOwdj+XUQ==",
      "deprecated": "Package no longer supported. Contact Support at https://www.npmjs.com/support for more info.",
      "dependencies": {
        "deepmerge": "^4.2.2",
        "shvl": "^2.0.3"
      },
      "peerDependencies": {
        "vuex": "^3.0 || ^4.0.0-rc"
      }
    }
  }
}
